
Microsoft Visual Studio Solution File, Format Version 12.00
# Visual Studio Version 17
VisualStudioVersion = 17.3.32804.467
MinimumVisualStudioVersion = 10.0.40219.1
Project("{FAE04EC0-301F-11D3-BF4B-00C04F79EFBC}") = "SimpleGenericCache", "SimpleGenericCache\SimpleGenericCache.csproj", "{2929FD90-C94A-48BB-97BF-0267FBC57F49}"
EndProject
Global
	GlobalSection(SolutionConfigurationPlatforms) = preSolution
		Debug|Any CPU = Debug|Any CPU
		Release|Any CPU = Release|Any CPU
	EndGlobalSection
	GlobalSection(ProjectConfigurationPlatforms) = postSolution
		{2929FD90-C94A-48BB-97BF-0267FBC57F49}.Debug|Any CPU.ActiveCfg = Debug|Any CPU
		{2929FD90-C94A-48BB-97BF-0267FBC57F49}.Debug|Any CPU.Build.0 = Debug|Any CPU
		{2929FD90-C94A-48BB-97BF-0267FBC57F49}.Release|Any CPU.ActiveCfg = Release|Any CPU
		{2929FD90-C94A-48BB-97BF-0267FBC57F49}.Release|Any CPU.Build.0 = Release|Any CPU
	EndGlobalSection
	GlobalSection(SolutionProperties) = preSolution
		HideSolutionNode = FALSE
	EndGlobalSection
	GlobalSection(ExtensibilityGlobals) = postSolution
		SolutionGuid = {00B90E3B-724E-4BB3-811D-48E708F03624}
	EndGlobalSection
EndGlobal
